
Microsoft Visual Studio Solution File, Format Version 12.00
# Visual Studio Version 16
VisualStudioVersion = 16.0.30114.105
MinimumVisualStudioVersion = 10.0.40219.1
Project("{FAE04EC0-301F-11D3-BF4B-00C04F79EFBC}") = "PasswordGenerator.core", "PasswordGenerator.core\PasswordGenerator.core.csproj", "{652D62AE-4F70-45C5-8145-D73DE7F28517}"
EndProject
Project("{FAE04EC0-301F-11D3-BF4B-00C04F79EFBC}") = "PasswordGenerator.web", "PasswordGenerator.web\PasswordGenerator.web.csproj", "{12F20C9F-9528-4E66-BCD6-4A8868B51C2C}"
EndProject
Project("{FAE04EC0-301F-11D3-BF4B-00C04F79EFBC}") = "PasswordGenerator.webapi", "PasswordGenerator.webapi\PasswordGenerator.webapi.csproj", "{4CE5D4FB-F65D-414F-AE7F-3166350CFB21}"
EndProject
Global
	GlobalSection(SolutionConfigurationPlatforms) = preSolution
		Debug|Any CPU = Debug|Any CPU
		Release|Any CPU = Release|Any CPU
	EndGlobalSection
	GlobalSection(SolutionProperties) = preSolution
		HideSolutionNode = FALSE
	EndGlobalSection
	GlobalSection(ProjectConfigurationPlatforms) = postSolution
		{652D62AE-4F70-45C5-8145-D73DE7F28517}.Debug|Any CPU.ActiveCfg = Debug|Any CPU
		{652D62AE-4F70-45C5-8145-D73DE7F28517}.Debug|Any CPU.Build.0 = Debug|Any CPU
		{652D62AE-4F70-45C5-8145-D73DE7F28517}.Release|Any CPU.ActiveCfg = Release|Any CPU
		{652D62AE-4F70-45C5-8145-D73DE7F28517}.Release|Any CPU.Build.0 = Release|Any CPU
		{12F20C9F-9528-4E66-BCD6-4A8868B51C2C}.Debug|Any CPU.ActiveCfg = Debug|Any CPU
		{12F20C9F-9528-4E66-BCD6-4A8868B51C2C}.Debug|Any CPU.Build.0 = Debug|Any CPU
		{12F20C9F-9528-4E66-BCD6-4A8868B51C2C}.Release|Any CPU.ActiveCfg = Release|Any CPU
		{12F20C9F-9528-4E66-BCD6-4A8868B51C2C}.Release|Any CPU.Build.0 = Release|Any CPU
		{4CE5D4FB-F65D-414F-AE7F-3166350CFB21}.Debug|Any CPU.ActiveCfg = Debug|Any CPU
		{4CE5D4FB-F65D-414F-AE7F-3166350CFB21}.Debug|Any CPU.Build.0 = Debug|Any CPU
		{4CE5D4FB-F65D-414F-AE7F-3166350CFB21}.Release|Any CPU.ActiveCfg = Release|Any CPU
		{4CE5D4FB-F65D-414F-AE7F-3166350CFB21}.Release|Any CPU.Build.0 = Release|Any CPU
	EndGlobalSection
EndGlobal
